// !$*UTF8*$!
{
	archiveVersion = 1;
	classes = {
	};
	objectVersion = 50;
	objects = {

/* Begin PBXAggregateTarget section */
		199A263C232661B60005B628 /* GenerateFile */ = {
			isa = PBXAggregateTarget;
			buildConfigurationList = 199A263D232661B60005B628 /* Build configuration list for PBXAggregateTarget "GenerateFile" */;
			buildPhases = (
				199A2640232661CA0005B628 /* ShellScript */,
			);
			dependencies = (
			);
			name = GenerateFile;
			productName = GenerateFile;
		};
		372A95C0231EF3ED00B1B4E4 /* ReplaceOccurrences */ = {
			isa = PBXAggregateTarget;
			buildConfigurationList = 372A95C1231EF3ED00B1B4E4 /* Build configuration list for PBXAggregateTarget "ReplaceOccurrences" */;
			buildPhases = (
				372A95C4231EF3F400B1B4E4 /* ShellScript */,
			);
			dependencies = (
			);
			name = ReplaceOccurrences;
			productName = ReplaceOccurrences;
		};
		375793BE22639074004CCE42 /* GenerateLines */ = {
			isa = PBXAggregateTarget;
			buildConfigurationList = 375793BF22639074004CCE42 /* Build configuration list for PBXAggregateTarget "GenerateLines" */;
			buildPhases = (
				375793C7226390ED004CCE42 /* ShellScript */,
			);
			dependencies = (
			);
			name = GenerateLines;
			productName = GenerateLines;
		};
/* End PBXAggregateTarget section */

/* Begin PBXBuildFile section */
		19EDDA5923106E7500FC511D /* Utils.swift in Sources */ = {isa = PBXBuildFile; fileRef = 19EDDA5823106E7500FC511D /* Utils.swift */; };
		372A95A1231DBF7200B1B4E4 /* NestedSwiftStructs.swift in Sources */ = {isa = PBXBuildFile; fileRef = 372B29F1231DBE100004408B /* NestedSwiftStructs.swift */; };
		372B29EE231DBC720004408B /* NestedSwiftNSObjectSubclasses.swift in Sources */ = {isa = PBXBuildFile; fileRef = 372B29ED231DBC720004408B /* NestedSwiftNSObjectSubclasses.swift */; };
		372B29F0231DBD180004408B /* NestedSwiftBridgedClassSubclasses.swift in Sources */ = {isa = PBXBuildFile; fileRef = 372B29EF231DBD180004408B /* NestedSwiftBridgedClassSubclasses.swift */; };
		376D8A41231DBB2E004495C8 /* NestedSwiftObjcClasses.swift in Sources */ = {isa = PBXBuildFile; fileRef = 376D8A40231DBB2E004495C8 /* NestedSwiftObjcClasses.swift */; };
		376D8A43231DBB47004495C8 /* NestedPublicClasses.swift in Sources */ = {isa = PBXBuildFile; fileRef = 376D8A42231DBB47004495C8 /* NestedPublicClasses.swift */; };
		376D8A45231DBB61004495C8 /* NestedFinalClasses.swift in Sources */ = {isa = PBXBuildFile; fileRef = 376D8A44231DBB61004495C8 /* NestedFinalClasses.swift */; };
		37A8B42E2263B6350058A602 /* Default-568h@2x.png in Resources */ = {isa = PBXBuildFile; fileRef = 37A8B42D2263B6350058A602 /* Default-568h@2x.png */; };
		37C0E54C2289F82F00DDDB9E /* ObjCClasses.m in Sources */ = {isa = PBXBuildFile; fileRef = 37C0E54B2289F82F00DDDB9E /* ObjCClasses.m */; };
		37FFDDBD22638C1100BAFB9C /* AppDelegate.swift in Sources */ = {isa = PBXBuildFile; fileRef = 37FFDDBC22638C1100BAFB9C /* AppDelegate.swift */; };
		37FFDDBF22638C1100BAFB9C /* ViewController.swift in Sources */ = {isa = PBXBuildFile; fileRef = 37FFDDBE22638C1100BAFB9C /* ViewController.swift */; };
		37FFDDC422638C1300BAFB9C /* Assets.xcassets in Resources */ = {isa = PBXBuildFile; fileRef = 37FFDDC322638C1300BAFB9C /* Assets.xcassets */; };
/* End PBXBuildFile section */

/* Begin PBXFileReference section */
		1908C920231C6DE200746847 /* EnumSwiftObjcClassPropertyAssignFuncResults.swift */ = {isa = PBXFileReference; lastKnownFileType = sourcecode.swift; path = EnumSwiftObjcClassPropertyAssignFuncResults.swift; sourceTree = "<group>"; };
		1908C922231C6F1F00746847 /* EnumSwiftNSObjectSubclassPropertyAssignFuncResults.swift */ = {isa = PBXFileReference; lastKnownFileType = sourcecode.swift; path = EnumSwiftNSObjectSubclassPropertyAssignFuncResults.swift; sourceTree = "<group>"; };
		1908C925231C703600746847 /* EnumSwiftBridgedClassSubclassPropertyAssignFuncResults.swift */ = {isa = PBXFileReference; lastKnownFileType = sourcecode.swift; path = EnumSwiftBridgedClassSubclassPropertyAssignFuncResults.swift; sourceTree = "<group>"; };
		1908C926231C703600746847 /* EnumObjCClassPropertyAssignFuncResults.swift */ = {isa = PBXFileReference; lastKnownFileType = sourcecode.swift; path = EnumObjCClassPropertyAssignFuncResults.swift; sourceTree = "<group>"; };
		1908C927231C704D00746847 /* EnumSwiftStructPropertyAssignFuncResults.swift */ = {isa = PBXFileReference; lastKnownFileType = sourcecode.swift; path = EnumSwiftStructPropertyAssignFuncResults.swift; sourceTree = "<group>"; };
		190CEE30232410C400FE4B71 /* EnumFuncParameterCallInferred.swift */ = {isa = PBXFileReference; lastKnownFileType = sourcecode.swift; path = EnumFuncParameterCallInferred.swift; sourceTree = "<group>"; };
		190CEE32232410DC00FE4B71 /* EnumFuncParameterCallSpecified.swift */ = {isa = PBXFileReference; lastKnownFileType = sourcecode.swift; path = EnumFuncParameterCallSpecified.swift; sourceTree = "<group>"; };
		190CEE34232410EF00FE4B71 /* ObjcEnumFuncParameterCallInferred.swift */ = {isa = PBXFileReference; lastKnownFileType = sourcecode.swift; path = ObjcEnumFuncParameterCallInferred.swift; sourceTree = "<group>"; };
		190CEE36232410FB00FE4B71 /* ObjcEnumFuncParameterCallSpecified.swift */ = {isa = PBXFileReference; lastKnownFileType = sourcecode.swift; path = ObjcEnumFuncParameterCallSpecified.swift; sourceTree = "<group>"; };
		198E1F59231C469000BE88FC /* EnumFuncParametersInferred.swift */ = {isa = PBXFileReference; lastKnownFileType = sourcecode.swift; path = EnumFuncParametersInferred.swift; sourceTree = "<group>"; };
		198E1F5B231C474300BE88FC /* EnumFuncParametersSpecified.swift */ = {isa = PBXFileReference; lastKnownFileType = sourcecode.swift; path = EnumFuncParametersSpecified.swift; sourceTree = "<group>"; };
		198E1F5D231C48FD00BE88FC /* ObjcEnumFuncParametersInferred.swift */ = {isa = PBXFileReference; lastKnownFileType = sourcecode.swift; path = ObjcEnumFuncParametersInferred.swift; sourceTree = "<group>"; };
		198E1F5F231C491500BE88FC /* ObjcEnumFuncParametersSpecified.swift */ = {isa = PBXFileReference; lastKnownFileType = sourcecode.swift; path = ObjcEnumFuncParametersSpecified.swift; sourceTree = "<group>"; };
		198E1F64231C55F400BE88FC /* EnumVarAssignFuncResults.swift */ = {isa = PBXFileReference; lastKnownFileType = sourcecode.swift; path = EnumVarAssignFuncResults.swift; sourceTree = "<group>"; };
		1997319A231C7389006EBC02 /* EnumSwiftBridgedInheritedPropertyClassPropertyAssignFuncResults.swift */ = {isa = PBXFileReference; fileEncoding = 4; lastKnownFileType = sourcecode.swift; path = EnumSwiftBridgedInheritedPropertyClassPropertyAssignFuncResults.swift; sourceTree = "<group>"; };
		1997319F231C77B5006EBC02 /* EnumPropertyAssignSwiftInferredTernaryResults.swift */ = {isa = PBXFileReference; lastKnownFileType = sourcecode.swift; path = EnumPropertyAssignSwiftInferredTernaryResults.swift; sourceTree = "<group>"; };
		199731A1231C7C3D006EBC02 /* EnumPropertyAssignSwiftSpecifiedTernaryResults.swift */ = {isa = PBXFileReference; fileEncoding = 4; lastKnownFileType = sourcecode.swift; path = EnumPropertyAssignSwiftSpecifiedTernaryResults.swift; sourceTree = "<group>"; };
		199731A3231C7E36006EBC02 /* ObjcEnumPropertyAssignSwiftSpecifiedTernaryResults.swift */ = {isa = PBXFileReference; fileEncoding = 4; lastKnownFileType = sourcecode.swift; path = ObjcEnumPropertyAssignSwiftSpecifiedTernaryResults.swift; sourceTree = "<group>"; };
		199731A5231C7E91006EBC02 /* ObjcEnumPropertyAssignSwiftInferredTernaryResults.swift */ = {isa = PBXFileReference; fileEncoding = 4; lastKnownFileType = sourcecode.swift; path = ObjcEnumPropertyAssignSwiftInferredTernaryResults.swift; sourceTree = "<group>"; };
		199A263623265FE50005B628 /* GenerateFile */ = {isa = PBXFileReference; lastKnownFileType = folder; path = GenerateFile; sourceTree = "<group>"; };
		19AF54A0231088810014375B /* Inits.swift */ = {isa = PBXFileReference; lastKnownFileType = sourcecode.swift; path = Inits.swift; sourceTree = "<group>"; };
		19AF54A4231088B40014375B /* SumPropertiesObjc.swift */ = {isa = PBXFileReference; lastKnownFileType = sourcecode.swift; path = SumPropertiesObjc.swift; sourceTree = "<group>"; };
		19AF54A6231088C10014375B /* SumPropertiesSwift.swift */ = {isa = PBXFileReference; lastKnownFileType = sourcecode.swift; path = SumPropertiesSwift.swift; sourceTree = "<group>"; };
		19AF54A8231092B70014375B /* Funcs.swift */ = {isa = PBXFileReference; lastKnownFileType = sourcecode.swift; path = Funcs.swift; sourceTree = "<group>"; };
		19B8A395231C5EDF009FE625 /* EnumSwiftFinalClassPropertyAssignFuncResults.swift */ = {isa = PBXFileReference; lastKnownFileType = sourcecode.swift; path = EnumSwiftFinalClassPropertyAssignFuncResults.swift; sourceTree = "<group>"; };
		19D2A904231C6C6E000F3F39 /* EnumSwiftPublicClassPropertyAssignFuncResults.swift */ = {isa = PBXFileReference; lastKnownFileType = sourcecode.swift; path = EnumSwiftPublicClassPropertyAssignFuncResults.swift; sourceTree = "<group>"; };
		19EDDA5823106E7500FC511D /* Utils.swift */ = {isa = PBXFileReference; lastKnownFileType = sourcecode.swift; path = Utils.swift; sourceTree = "<group>"; };
		19EDDA5A2310705F00FC511D /* SumVarsSpecified.swift */ = {isa = PBXFileReference; lastKnownFileType = sourcecode.swift; path = SumVarsSpecified.swift; sourceTree = "<group>"; };
		19EDDA5C23107E4000FC511D /* UnusedVars.swift */ = {isa = PBXFileReference; lastKnownFileType = sourcecode.swift; path = UnusedVars.swift; sourceTree = "<group>"; };
		3702BFD9231F08F2009A15AB /* SumToPropertyInferred.swift */ = {isa = PBXFileReference; lastKnownFileType = sourcecode.swift; path = SumToPropertyInferred.swift; sourceTree = "<group>"; };
		3702BFDE231F146A009A15AB /* SumToPropertySpecified.swift */ = {isa = PBXFileReference; lastKnownFileType = sourcecode.swift; path = SumToPropertySpecified.swift; sourceTree = "<group>"; };
		3702BFE1231F1644009A15AB /* PropertyAssignFuncResult.swift */ = {isa = PBXFileReference; lastKnownFileType = sourcecode.swift; path = PropertyAssignFuncResult.swift; sourceTree = "<group>"; };
		370E4124231F197900785BAB /* ObjcFuncs.swift */ = {isa = PBXFileReference; lastKnownFileType = sourcecode.swift; path = ObjcFuncs.swift; sourceTree = "<group>"; };
		372A961F231EFB8500B1B4E4 /* PropertyNestedPublicClassVar.swift */ = {isa = PBXFileReference; lastKnownFileType = sourcecode.swift; path = PropertyNestedPublicClassVar.swift; sourceTree = "<group>"; };
		372A9620231EFB8500B1B4E4 /* PropertyNestedFinalClassVar.swift */ = {isa = PBXFileReference; lastKnownFileType = sourcecode.swift; path = PropertyNestedFinalClassVar.swift; sourceTree = "<group>"; };
		372A9621231EFB8500B1B4E4 /* PropertyNestedSwiftBridgedClassSubclassVar.swift */ = {isa = PBXFileReference; lastKnownFileType = sourcecode.swift; path = PropertyNestedSwiftBridgedClassSubclassVar.swift; sourceTree = "<group>"; };
		372A9622231EFB8600B1B4E4 /* PropertyNestedSwiftBridgedClassSubclassCalculatedVar.swift */ = {isa = PBXFileReference; lastKnownFileType = sourcecode.swift; path = PropertyNestedSwiftBridgedClassSubclassCalculatedVar.swift; sourceTree = "<group>"; };
		372A9623231EFB8600B1B4E4 /* PropertyNestedSwiftStructCalculatedVar.swift */ = {isa = PBXFileReference; lastKnownFileType = sourcecode.swift; path = PropertyNestedSwiftStructCalculatedVar.swift; sourceTree = "<group>"; };
		372A9624231EFB8600B1B4E4 /* PropertyNestedSwiftBridgedClassSubclassLet.swift */ = {isa = PBXFileReference; lastKnownFileType = sourcecode.swift; path = PropertyNestedSwiftBridgedClassSubclassLet.swift; sourceTree = "<group>"; };
		372A9625231EFB8600B1B4E4 /* PropertyNestedSwiftStructLet.swift */ = {isa = PBXFileReference; lastKnownFileType = sourcecode.swift; path = PropertyNestedSwiftStructLet.swift; sourceTree = "<group>"; };
		372A9626231EFB8600B1B4E4 /* PropertyNestedPublicClassLazyVar.swift */ = {isa = PBXFileReference; lastKnownFileType = sourcecode.swift; path = PropertyNestedPublicClassLazyVar.swift; sourceTree = "<group>"; };
		372A9627231EFB8700B1B4E4 /* PropertyNestedSwiftObjcClassLet.swift */ = {isa = PBXFileReference; lastKnownFileType = sourcecode.swift; path = PropertyNestedSwiftObjcClassLet.swift; sourceTree = "<group>"; };
		372A9628231EFB8700B1B4E4 /* PropertyNestedSwiftBridgedClassSubclassLazyVar.swift */ = {isa = PBXFileReference; lastKnownFileType = sourcecode.swift; path = PropertyNestedSwiftBridgedClassSubclassLazyVar.swift; sourceTree = "<group>"; };
		372A9629231EFB8700B1B4E4 /* PropertyNestedSwiftNSObjectSubclassLet.swift */ = {isa = PBXFileReference; lastKnownFileType = sourcecode.swift; path = PropertyNestedSwiftNSObjectSubclassLet.swift; sourceTree = "<group>"; };
		372A962A231EFB8700B1B4E4 /* PropertySwiftBridgedInheritedPropertyClassVar.swift */ = {isa = PBXFileReference; lastKnownFileType = sourcecode.swift; path = PropertySwiftBridgedInheritedPropertyClassVar.swift; sourceTree = "<group>"; };
		372A962B231EFB8700B1B4E4 /* PropertyObjCClassVar.swift */ = {isa = PBXFileReference; lastKnownFileType = sourcecode.swift; path = PropertyObjCClassVar.swift; sourceTree = "<group>"; };
		372A962C231EFB8700B1B4E4 /* PropertyNestedSwiftStructVar.swift */ = {isa = PBXFileReference; lastKnownFileType = sourcecode.swift; path = PropertyNestedSwiftStructVar.swift; sourceTree = "<group>"; };
		372A962D231EFB8700B1B4E4 /* PropertyNestedPublicClassCalculatedVar.swift */ = {isa = PBXFileReference; lastKnownFileType = sourcecode.swift; path = PropertyNestedPublicClassCalculatedVar.swift; sourceTree = "<group>"; };
		372A962E231EFB8800B1B4E4 /* PropertyNestedFinalClassCalculatedVar.swift */ = {isa = PBXFileReference; lastKnownFileType = sourcecode.swift; path = PropertyNestedFinalClassCalculatedVar.swift; sourceTree = "<group>"; };
		372A9630231EFB8800B1B4E4 /* PropertyNestedSwiftNSObjectSubclassCalculatedVar.swift */ = {isa = PBXFileReference; lastKnownFileType = sourcecode.swift; path = PropertyNestedSwiftNSObjectSubclassCalculatedVar.swift; sourceTree = "<group>"; };
		372A9632231EFB8800B1B4E4 /* PropertyNestedSwiftNSObjectSubclassLazyVar.swift */ = {isa = PBXFileReference; lastKnownFileType = sourcecode.swift; path = PropertyNestedSwiftNSObjectSubclassLazyVar.swift; sourceTree = "<group>"; };
		372A9633231EFB8900B1B4E4 /* PropertyNestedSwiftStructLazyVar.swift */ = {isa = PBXFileReference; lastKnownFileType = sourcecode.swift; path = PropertyNestedSwiftStructLazyVar.swift; sourceTree = "<group>"; };
		372A9634231EFB8900B1B4E4 /* PropertyNestedSwiftNSObjectSubclassVar.swift */ = {isa = PBXFileReference; lastKnownFileType = sourcecode.swift; path = PropertyNestedSwiftNSObjectSubclassVar.swift; sourceTree = "<group>"; };
		372A9635231EFB8900B1B4E4 /* PropertyNestedFinalClassLet.swift */ = {isa = PBXFileReference; lastKnownFileType = sourcecode.swift; path = PropertyNestedFinalClassLet.swift; sourceTree = "<group>"; };
		372A9636231EFB8900B1B4E4 /* PropertyNestedSwiftObjcClassCalculatedVar.swift */ = {isa = PBXFileReference; lastKnownFileType = sourcecode.swift; path = PropertyNestedSwiftObjcClassCalculatedVar.swift; sourceTree = "<group>"; };
		372A9637231EFB8900B1B4E4 /* PropertyNestedSwiftObjcClassVar.swift */ = {isa = PBXFileReference; lastKnownFileType = sourcecode.swift; path = PropertyNestedSwiftObjcClassVar.swift; sourceTree = "<group>"; };
		372A9638231EFB8A00B1B4E4 /* PropertyNestedFinalClassLazyVar.swift */ = {isa = PBXFileReference; lastKnownFileType = sourcecode.swift; path = PropertyNestedFinalClassLazyVar.swift; sourceTree = "<group>"; };
		372A9639231EFB8A00B1B4E4 /* PropertyNestedPublicClassLet.swift */ = {isa = PBXFileReference; lastKnownFileType = sourcecode.swift; path = PropertyNestedPublicClassLet.swift; sourceTree = "<group>"; };
		372A963A231EFB8A00B1B4E4 /* PropertyNestedSwiftObjcClassLazyVar.swift */ = {isa = PBXFileReference; lastKnownFileType = sourcecode.swift; path = PropertyNestedSwiftObjcClassLazyVar.swift; sourceTree = "<group>"; };
		372B29ED231DBC720004408B /* NestedSwiftNSObjectSubclasses.swift */ = {isa = PBXFileReference; lastKnownFileType = sourcecode.swift; path = NestedSwiftNSObjectSubclasses.swift; sourceTree = "<group>"; };
		372B29EF231DBD180004408B /* NestedSwiftBridgedClassSubclasses.swift */ = {isa = PBXFileReference; lastKnownFileType = sourcecode.swift; path = NestedSwiftBridgedClassSubclasses.swift; sourceTree = "<group>"; };
		372B29F1231DBE100004408B /* NestedSwiftStructs.swift */ = {isa = PBXFileReference; lastKnownFileType = sourcecode.swift; path = NestedSwiftStructs.swift; sourceTree = "<group>"; };
		376D8A3B231DB4D6004495C8 /* ReplaceOccurrences */ = {isa = PBXFileReference; lastKnownFileType = folder; path = ReplaceOccurrences; sourceTree = "<group>"; };
		376D8A40231DBB2E004495C8 /* NestedSwiftObjcClasses.swift */ = {isa = PBXFileReference; lastKnownFileType = sourcecode.swift; path = NestedSwiftObjcClasses.swift; sourceTree = "<group>"; };
		376D8A42231DBB47004495C8 /* NestedPublicClasses.swift */ = {isa = PBXFileReference; lastKnownFileType = sourcecode.swift; path = NestedPublicClasses.swift; sourceTree = "<group>"; };
		376D8A44231DBB61004495C8 /* NestedFinalClasses.swift */ = {isa = PBXFileReference; lastKnownFileType = sourcecode.swift; path = NestedFinalClasses.swift; sourceTree = "<group>"; };
		379583E3232048A7009BBA32 /* SwiftClosureParams.swift */ = {isa = PBXFileReference; lastKnownFileType = sourcecode.swift; path = SwiftClosureParams.swift; sourceTree = "<group>"; };
		379583E523204DC2009BBA32 /* SwiftClosureChaining0Params.swift */ = {isa = PBXFileReference; lastKnownFileType = sourcecode.swift; path = SwiftClosureChaining0Params.swift; sourceTree = "<group>"; };
		379583E82320511A009BBA32 /* SwiftClosureParamsFull.swift */ = {isa = PBXFileReference; fileEncoding = 4; lastKnownFileType = sourcecode.swift; path = SwiftClosureParamsFull.swift; sourceTree = "<group>"; };
		37A15162232055D200E9BA8F /* SwiftClosureChaining1Param.swift */ = {isa = PBXFileReference; lastKnownFileType = sourcecode.swift; path = SwiftClosureChaining1Param.swift; sourceTree = "<group>"; };
		37A15164232056B000E9BA8F /* SwiftClosureChaining2Params.swift */ = {isa = PBXFileReference; lastKnownFileType = sourcecode.swift; path = SwiftClosureChaining2Params.swift; sourceTree = "<group>"; };
		37A15166232059DB00E9BA8F /* ObjcBlockParams.swift */ = {isa = PBXFileReference; lastKnownFileType = sourcecode.swift; path = ObjcBlockParams.swift; sourceTree = "<group>"; };
		37A1516B23205D8C00E9BA8F /* ObjcBlockChaining0Params.swift */ = {isa = PBXFileReference; lastKnownFileType = sourcecode.swift; path = ObjcBlockChaining0Params.swift; sourceTree = "<group>"; };
		37A1516D23205FF700E9BA8F /* ObjcBlockChaining1Param.swift */ = {isa = PBXFileReference; lastKnownFileType = sourcecode.swift; path = ObjcBlockChaining1Param.swift; sourceTree = "<group>"; };
		37A1516F2320612B00E9BA8F /* ObjcBlockChaining2Params.swift */ = {isa = PBXFileReference; lastKnownFileType = sourcecode.swift; path = ObjcBlockChaining2Params.swift; sourceTree = "<group>"; };
		37A1517423219C0A00E9BA8F /* GenerateLines */ = {isa = PBXFileReference; lastKnownFileType = folder; path = GenerateLines; sourceTree = "<group>"; };
		37A8B42B2263B0A90058A602 /* Expressions.swift */ = {isa = PBXFileReference; lastKnownFileType = sourcecode.swift; path = Expressions.swift; sourceTree = "<group>"; };
		37A8B42D2263B6350058A602 /* Default-568h@2x.png */ = {isa = PBXFileReference; lastKnownFileType = image.png; path = "Default-568h@2x.png"; sourceTree = "<group>"; };
		37C0E5492289F82F00DDDB9E /* CompilationBenchmarks-Bridging-Header.h */ = {isa = PBXFileReference; lastKnownFileType = sourcecode.c.h; path = "CompilationBenchmarks-Bridging-Header.h"; sourceTree = "<group>"; };
		37C0E54A2289F82F00DDDB9E /* ObjCClasses.h */ = {isa = PBXFileReference; lastKnownFileType = sourcecode.c.h; path = ObjCClasses.h; sourceTree = "<group>"; };
		37C0E54B2289F82F00DDDB9E /* ObjCClasses.m */ = {isa = PBXFileReference; lastKnownFileType = sourcecode.c.objc; path = ObjCClasses.m; sourceTree = "<group>"; };
		37C0E54D2289FB5A00DDDB9E /* SumVarsInferred.swift */ = {isa = PBXFileReference; lastKnownFileType = sourcecode.swift; path = SumVarsInferred.swift; sourceTree = "<group>"; };
		37FFDDB922638C1100BAFB9C /* CompilationBenchmarks.app */ = {isa = PBXFileReference; explicitFileType = wrapper.application; includeInIndex = 0; path = CompilationBenchmarks.app; sourceTree = BUILT_PRODUCTS_DIR; };
		37FFDDBC22638C1100BAFB9C /* AppDelegate.swift */ = {isa = PBXFileReference; lastKnownFileType = sourcecode.swift; path = AppDelegate.swift; sourceTree = "<group>"; };
		37FFDDBE22638C1100BAFB9C /* ViewController.swift */ = {isa = PBXFileReference; lastKnownFileType = sourcecode.swift; path = ViewController.swift; sourceTree = "<group>"; };
		37FFDDC322638C1300BAFB9C /* Assets.xcassets */ = {isa = PBXFileReference; lastKnownFileType = folder.assetcatalog; path = Assets.xcassets; sourceTree = "<group>"; };
		37FFDDC822638C1300BAFB9C /* Info.plist */ = {isa = PBXFileReference; lastKnownFileType = text.plist.xml; path = Info.plist; sourceTree = "<group>"; };
/* End PBXFileReference section */

/* Begin PBXFrameworksBuildPhase section */
		37FFDDB622638C1100BAFB9C /* Frameworks */ = {
			isa = PBXFrameworksBuildPhase;
			buildActionMask = 2147483647;
			files = (
			);
			runOnlyForDeploymentPostprocessing = 0;
		};
/* End PBXFrameworksBuildPhase section */

/* Begin PBXGroup section */
		198E1F57231C462A00BE88FC /* Func Calls */ = {
			isa = PBXGroup;
			children = (
				19AF54A8231092B70014375B /* Funcs.swift */,
				19AF54A0231088810014375B /* Inits.swift */,
				370E4124231F197900785BAB /* ObjcFuncs.swift */,
				3702BFE1231F1644009A15AB /* PropertyAssignFuncResult.swift */,
			);
			path = "Func Calls";
			sourceTree = "<group>";
		};
		198E1F58231C466D00BE88FC /* Enum As Func Parameters */ = {
			isa = PBXGroup;
			children = (
				190CEE30232410C400FE4B71 /* EnumFuncParameterCallInferred.swift */,
				190CEE32232410DC00FE4B71 /* EnumFuncParameterCallSpecified.swift */,
				198E1F59231C469000BE88FC /* EnumFuncParametersInferred.swift */,
				198E1F5B231C474300BE88FC /* EnumFuncParametersSpecified.swift */,
				190CEE34232410EF00FE4B71 /* ObjcEnumFuncParameterCallInferred.swift */,
				190CEE36232410FB00FE4B71 /* ObjcEnumFuncParameterCallSpecified.swift */,
				198E1F5D231C48FD00BE88FC /* ObjcEnumFuncParametersInferred.swift */,
				198E1F5F231C491500BE88FC /* ObjcEnumFuncParametersSpecified.swift */,
			);
			path = "Enum As Func Parameters";
			sourceTree = "<group>";
		};
		198E1F61231C545100BE88FC /* Expressions */ = {
			isa = PBXGroup;
			children = (
				37A8B42B2263B0A90058A602 /* Expressions.swift */,
				19AF54A4231088B40014375B /* SumPropertiesObjc.swift */,
				19AF54A6231088C10014375B /* SumPropertiesSwift.swift */,
				37C0E54D2289FB5A00DDDB9E /* SumVarsInferred.swift */,
				19EDDA5A2310705F00FC511D /* SumVarsSpecified.swift */,
				3702BFD9231F08F2009A15AB /* SumToPropertyInferred.swift */,
				3702BFDE231F146A009A15AB /* SumToPropertySpecified.swift */,
			);
			path = Expressions;
			sourceTree = "<group>";
		};
		198E1F62231C549100BE88FC /* Other */ = {
			isa = PBXGroup;
			children = (
				19EDDA5C23107E4000FC511D /* UnusedVars.swift */,
			);
			path = Other;
			sourceTree = "<group>";
		};
		198E1F63231C552B00BE88FC /* Enum Assign Func Results */ = {
			isa = PBXGroup;
			children = (
				1908C926231C703600746847 /* EnumObjCClassPropertyAssignFuncResults.swift */,
				1908C925231C703600746847 /* EnumSwiftBridgedClassSubclassPropertyAssignFuncResults.swift */,
				1997319A231C7389006EBC02 /* EnumSwiftBridgedInheritedPropertyClassPropertyAssignFuncResults.swift */,
				19B8A395231C5EDF009FE625 /* EnumSwiftFinalClassPropertyAssignFuncResults.swift */,
				1908C922231C6F1F00746847 /* EnumSwiftNSObjectSubclassPropertyAssignFuncResults.swift */,
				1908C920231C6DE200746847 /* EnumSwiftObjcClassPropertyAssignFuncResults.swift */,
				19D2A904231C6C6E000F3F39 /* EnumSwiftPublicClassPropertyAssignFuncResults.swift */,
				1908C927231C704D00746847 /* EnumSwiftStructPropertyAssignFuncResults.swift */,
				198E1F64231C55F400BE88FC /* EnumVarAssignFuncResults.swift */,
			);
			path = "Enum Assign Func Results";
			sourceTree = "<group>";
		};
		1997319D231C768D006EBC02 /* Enum Assign Complex Expressions */ = {
			isa = PBXGroup;
			children = (
				199731A1231C7C3D006EBC02 /* EnumPropertyAssignSwiftSpecifiedTernaryResults.swift */,
				1997319F231C77B5006EBC02 /* EnumPropertyAssignSwiftInferredTernaryResults.swift */,
				199731A5231C7E91006EBC02 /* ObjcEnumPropertyAssignSwiftInferredTernaryResults.swift */,
				199731A3231C7E36006EBC02 /* ObjcEnumPropertyAssignSwiftSpecifiedTernaryResults.swift */,
			);
			path = "Enum Assign Complex Expressions";
			sourceTree = "<group>";
		};
		19EDDA5723106E6000FC511D /* Utils */ = {
			isa = PBXGroup;
			children = (
				376D8A3F231DBB19004495C8 /* Nested Entities */,
				37C0E5492289F82F00DDDB9E /* CompilationBenchmarks-Bridging-Header.h */,
				37C0E54A2289F82F00DDDB9E /* ObjCClasses.h */,
				37C0E54B2289F82F00DDDB9E /* ObjCClasses.m */,
				19EDDA5823106E7500FC511D /* Utils.swift */,
			);
			path = Utils;
			sourceTree = "<group>";
		};
		372A95A2231DC0F600B1B4E4 /* Property Access */ = {
			isa = PBXGroup;
			children = (
				372A962E231EFB8800B1B4E4 /* PropertyNestedFinalClassCalculatedVar.swift */,
				372A9638231EFB8A00B1B4E4 /* PropertyNestedFinalClassLazyVar.swift */,
				372A9635231EFB8900B1B4E4 /* PropertyNestedFinalClassLet.swift */,
				372A9620231EFB8500B1B4E4 /* PropertyNestedFinalClassVar.swift */,
				372A962D231EFB8700B1B4E4 /* PropertyNestedPublicClassCalculatedVar.swift */,
				372A9626231EFB8600B1B4E4 /* PropertyNestedPublicClassLazyVar.swift */,
				372A9639231EFB8A00B1B4E4 /* PropertyNestedPublicClassLet.swift */,
				372A961F231EFB8500B1B4E4 /* PropertyNestedPublicClassVar.swift */,
				372A9622231EFB8600B1B4E4 /* PropertyNestedSwiftBridgedClassSubclassCalculatedVar.swift */,
				372A9628231EFB8700B1B4E4 /* PropertyNestedSwiftBridgedClassSubclassLazyVar.swift */,
				372A9624231EFB8600B1B4E4 /* PropertyNestedSwiftBridgedClassSubclassLet.swift */,
				372A9621231EFB8500B1B4E4 /* PropertyNestedSwiftBridgedClassSubclassVar.swift */,
				372A9630231EFB8800B1B4E4 /* PropertyNestedSwiftNSObjectSubclassCalculatedVar.swift */,
				372A9632231EFB8800B1B4E4 /* PropertyNestedSwiftNSObjectSubclassLazyVar.swift */,
				372A9629231EFB8700B1B4E4 /* PropertyNestedSwiftNSObjectSubclassLet.swift */,
				372A9634231EFB8900B1B4E4 /* PropertyNestedSwiftNSObjectSubclassVar.swift */,
				372A9636231EFB8900B1B4E4 /* PropertyNestedSwiftObjcClassCalculatedVar.swift */,
				372A963A231EFB8A00B1B4E4 /* PropertyNestedSwiftObjcClassLazyVar.swift */,
				372A9627231EFB8700B1B4E4 /* PropertyNestedSwiftObjcClassLet.swift */,
				372A9637231EFB8900B1B4E4 /* PropertyNestedSwiftObjcClassVar.swift */,
				372A9623231EFB8600B1B4E4 /* PropertyNestedSwiftStructCalculatedVar.swift */,
				372A9633231EFB8900B1B4E4 /* PropertyNestedSwiftStructLazyVar.swift */,
				372A9625231EFB8600B1B4E4 /* PropertyNestedSwiftStructLet.swift */,
				372A962C231EFB8700B1B4E4 /* PropertyNestedSwiftStructVar.swift */,
				372A962B231EFB8700B1B4E4 /* PropertyObjCClassVar.swift */,
				372A962A231EFB8700B1B4E4 /* PropertySwiftBridgedInheritedPropertyClassVar.swift */,
			);
			path = "Property Access";
			sourceTree = "<group>";
		};
		375793C222639082004CCE42 /* iOS App */ = {
			isa = PBXGroup;
			children = (
				37FFDDBC22638C1100BAFB9C /* AppDelegate.swift */,
				37FFDDBE22638C1100BAFB9C /* ViewController.swift */,
				37FFDDC322638C1300BAFB9C /* Assets.xcassets */,
				37FFDDC822638C1300BAFB9C /* Info.plist */,
			);
			path = "iOS App";
			sourceTree = "<group>";
		};
		375793C322639090004CCE42 /* Benchmarks */ = {
			isa = PBXGroup;
			children = (
				379583E2232044A5009BBA32 /* Closures */,
				198E1F58231C466D00BE88FC /* Enum As Func Parameters */,
				1997319D231C768D006EBC02 /* Enum Assign Complex Expressions */,
				198E1F63231C552B00BE88FC /* Enum Assign Func Results */,
				198E1F61231C545100BE88FC /* Expressions */,
				198E1F57231C462A00BE88FC /* Func Calls */,
				198E1F62231C549100BE88FC /* Other */,
				372A95A2231DC0F600B1B4E4 /* Property Access */,
			);
			path = Benchmarks;
			sourceTree = "<group>";
		};
		376D8A32231DAD1C004495C8 /* CodeGeneration */ = {
			isa = PBXGroup;
			children = (
				199A263623265FE50005B628 /* GenerateFile */,
				37A1517423219C0A00E9BA8F /* GenerateLines */,
				376D8A3B231DB4D6004495C8 /* ReplaceOccurrences */,
			);
			path = CodeGeneration;
			sourceTree = "<group>";
		};
		376D8A3F231DBB19004495C8 /* Nested Entities */ = {
			isa = PBXGroup;
			children = (
				376D8A44231DBB61004495C8 /* NestedFinalClasses.swift */,
				376D8A42231DBB47004495C8 /* NestedPublicClasses.swift */,
				372B29EF231DBD180004408B /* NestedSwiftBridgedClassSubclasses.swift */,
				372B29ED231DBC720004408B /* NestedSwiftNSObjectSubclasses.swift */,
				376D8A40231DBB2E004495C8 /* NestedSwiftObjcClasses.swift */,
				372B29F1231DBE100004408B /* NestedSwiftStructs.swift */,
			);
			path = "Nested Entities";
			sourceTree = "<group>";
		};
		379583E2232044A5009BBA32 /* Closures */ = {
			isa = PBXGroup;
			children = (
				37A1516B23205D8C00E9BA8F /* ObjcBlockChaining0Params.swift */,
				37A1516D23205FF700E9BA8F /* ObjcBlockChaining1Param.swift */,
				37A1516F2320612B00E9BA8F /* ObjcBlockChaining2Params.swift */,
				37A15166232059DB00E9BA8F /* ObjcBlockParams.swift */,
				379583E523204DC2009BBA32 /* SwiftClosureChaining0Params.swift */,
				37A15162232055D200E9BA8F /* SwiftClosureChaining1Param.swift */,
				37A15164232056B000E9BA8F /* SwiftClosureChaining2Params.swift */,
				379583E3232048A7009BBA32 /* SwiftClosureParams.swift */,
				379583E82320511A009BBA32 /* SwiftClosureParamsFull.swift */,
			);
			path = Closures;
			sourceTree = "<group>";
		};
		37FFDDB022638C1100BAFB9C = {
			isa = PBXGroup;
			children = (
				37A8B42D2263B6350058A602 /* Default-568h@2x.png */,
				37FFDDBB22638C1100BAFB9C /* CompilationBenchmarks */,
				37FFDDBA22638C1100BAFB9C /* Products */,
			);
			sourceTree = "<group>";
		};
		37FFDDBA22638C1100BAFB9C /* Products */ = {
			isa = PBXGroup;
			children = (
				37FFDDB922638C1100BAFB9C /* CompilationBenchmarks.app */,
			);
			name = Products;
			sourceTree = "<group>";
		};
		37FFDDBB22638C1100BAFB9C /* CompilationBenchmarks */ = {
			isa = PBXGroup;
			children = (
				375793C322639090004CCE42 /* Benchmarks */,
				376D8A32231DAD1C004495C8 /* CodeGeneration */,
				375793C222639082004CCE42 /* iOS App */,
				19EDDA5723106E6000FC511D /* Utils */,
			);
			path = CompilationBenchmarks;
			sourceTree = "<group>";
		};
/* End PBXGroup section */

/* Begin PBXNativeTarget section */
		37FFDDB822638C1100BAFB9C /* CompilationBenchmarks */ = {
			isa = PBXNativeTarget;
			buildConfigurationList = 37FFDDCB22638C1300BAFB9C /* Build configuration list for PBXNativeTarget "CompilationBenchmarks" */;
			buildPhases = (
				37FFDDB522638C1100BAFB9C /* Sources */,
				37FFDDB622638C1100BAFB9C /* Frameworks */,
				37FFDDB722638C1100BAFB9C /* Resources */,
			);
			buildRules = (
			);
			dependencies = (
			);
			name = CompilationBenchmarks;
			productName = CompilationBenchmarks;
			productReference = 37FFDDB922638C1100BAFB9C /* CompilationBenchmarks.app */;
			productType = "com.apple.product-type.application";
		};
/* End PBXNativeTarget section */

/* Begin PBXProject section */
		37FFDDB122638C1100BAFB9C /* Project object */ = {
			isa = PBXProject;
			attributes = {
				LastSwiftUpdateCheck = 1020;
				LastUpgradeCheck = 1020;
				ORGANIZATIONNAME = Gimungagap;
				TargetAttributes = {
					199A263C232661B60005B628 = {
						CreatedOnToolsVersion = 10.2;
					};
					372A95C0231EF3ED00B1B4E4 = {
						CreatedOnToolsVersion = 10.3;
					};
					375793BE22639074004CCE42 = {
						CreatedOnToolsVersion = 10.2;
					};
					37FFDDB822638C1100BAFB9C = {
						CreatedOnToolsVersion = 10.2;
						LastSwiftMigration = 1020;
					};
				};
			};
			buildConfigurationList = 37FFDDB422638C1100BAFB9C /* Build configuration list for PBXProject "CompilationBenchmarks" */;
			compatibilityVersion = "Xcode 9.3";
			developmentRegion = en;
			hasScannedForEncodings = 0;
			knownRegions = (
				en,
				Base,
			);
			mainGroup = 37FFDDB022638C1100BAFB9C;
			productRefGroup = 37FFDDBA22638C1100BAFB9C /* Products */;
			projectDirPath = "";
			projectRoot = "";
			targets = (
				37FFDDB822638C1100BAFB9C /* CompilationBenchmarks */,
				199A263C232661B60005B628 /* GenerateFile */,
				375793BE22639074004CCE42 /* GenerateLines */,
				372A95C0231EF3ED00B1B4E4 /* ReplaceOccurrences */,
			);
		};
/* End PBXProject section */

/* Begin PBXResourcesBuildPhase section */
		37FFDDB722638C1100BAFB9C /* Resources */ = {
			isa = PBXResourcesBuildPhase;
			buildActionMask = 2147483647;
			files = (
				37A8B42E2263B6350058A602 /* Default-568h@2x.png in Resources */,
				37FFDDC422638C1300BAFB9C /* Assets.xcassets in Resources */,
			);
			runOnlyForDeploymentPostprocessing = 0;
		};
/* End PBXResourcesBuildPhase section */

/* Begin PBXShellScriptBuildPhase section */
		199A2640232661CA0005B628 /* ShellScript */ = {
			isa = PBXShellScriptBuildPhase;
			buildActionMask = 2147483647;
			files = (
			);
			inputFileListPaths = (
			);
			inputPaths = (
			);
			outputFileListPaths = (
			);
			outputPaths = (
			);
			runOnlyForDeploymentPostprocessing = 0;
			shellPath = /bin/sh;
			shellScript = "SCRIPT_PATH=\"CompilationBenchmarks/CodeGeneration/GenerateFile/main.swift\"\nTEMPLATE_PATH=\"CompilationBenchmarks/CodeGeneration/GenerateFile/code_template.swift\"\nTEMPLATE=$(cat $TEMPLATE_PATH)\nOUTPUT_PATH=\"CompilationBenchmarks/CodeGeneration/GenerateFile/generation_output\"\n\n/usr/bin/swift $SCRIPT_PATH \"$TEMPLATE\" > $OUTPUT_PATH \n";
		};
		372A95C4231EF3F400B1B4E4 /* ShellScript */ = {
			isa = PBXShellScriptBuildPhase;
			buildActionMask = 2147483647;
			files = (
			);
			inputFileListPaths = (
			);
			inputPaths = (
			);
			outputFileListPaths = (
			);
			outputPaths = (
			);
			runOnlyForDeploymentPostprocessing = 0;
			shellPath = /bin/sh;
			shellScript = "cd CompilationBenchmarks/CodeGeneration/ReplaceOccurrences/\n./execute.sh\n";
		};
		375793C7226390ED004CCE42 /* ShellScript */ = {
			isa = PBXShellScriptBuildPhase;
			buildActionMask = 2147483647;
			files = (
			);
			inputFileListPaths = (
			);
			inputPaths = (
			);
			outputFileListPaths = (
			);
			outputPaths = (
			);
			runOnlyForDeploymentPostprocessing = 0;
			shellPath = /bin/sh;
			shellScript = "SCRIPT_PATH=\"CompilationBenchmarks/CodeGeneration/GenerateLines/main.swift\"\nTEMPLATE_PATH=\"CompilationBenchmarks/CodeGeneration/GenerateLines/code_template\"\nTEMPLATE=$(cat $TEMPLATE_PATH)\nOUTPUT_PATH=\"CompilationBenchmarks/CodeGeneration/GenerateLines/generation_output\"\n\n/usr/bin/swift $SCRIPT_PATH \"$TEMPLATE\" > $OUTPUT_PATH \n";
		};
/* End PBXShellScriptBuildPhase section */

/* Begin PBXSourcesBuildPhase section */
		37FFDDB522638C1100BAFB9C /* Sources */ = {
			isa = PBXSourcesBuildPhase;
			buildActionMask = 2147483647;
			files = (
				376D8A43231DBB47004495C8 /* NestedPublicClasses.swift in Sources */,
				37C0E54C2289F82F00DDDB9E /* ObjCClasses.m in Sources */,
				372B29F0231DBD180004408B /* NestedSwiftBridgedClassSubclasses.swift in Sources */,
				376D8A41231DBB2E004495C8 /* NestedSwiftObjcClasses.swift in Sources */,
				37FFDDBF22638C1100BAFB9C /* ViewController.swift in Sources */,
				376D8A45231DBB61004495C8 /* NestedFinalClasses.swift in Sources */,
				37FFDDBD22638C1100BAFB9C /* AppDelegate.swift in Sources */,
				372A95A1231DBF7200B1B4E4 /* NestedSwiftStructs.swift in Sources */,
				372B29EE231DBC720004408B /* NestedSwiftNSObjectSubclasses.swift in Sources */,
				19EDDA5923106E7500FC511D /* Utils.swift in Sources */,
			);
			runOnlyForDeploymentPostprocessing = 0;
		};
/* End PBXSourcesBuildPhase section */

/* Begin XCBuildConfiguration section */
		199A263E232661B60005B628 /* Debug */ = {
			isa = XCBuildConfiguration;
			buildSettings = {
				CODE_SIGN_STYLE = Automatic;
				PRODUCT_NAME = "$(TARGET_NAME)";
				SDKROOT = macosx;
			};
			name = Debug;
		};
		199A263F232661B60005B628 /* Release */ = {
			isa = XCBuildConfiguration;
			buildSettings = {
				CODE_SIGN_STYLE = Automatic;
				PRODUCT_NAME = "$(TARGET_NAME)";
				SDKROOT = macosx;
			};
			name = Release;
		};
		372A95C2231EF3ED00B1B4E4 /* Debug */ = {
			isa = XCBuildConfiguration;
			buildSettings = {
				CODE_SIGN_STYLE = Automatic;
				PRODUCT_NAME = "$(TARGET_NAME)";
				SDKROOT = macosx;
			};
			name = Debug;
		};
		372A95C3231EF3ED00B1B4E4 /* Release */ = {
			isa = XCBuildConfiguration;
			buildSettings = {
				CODE_SIGN_STYLE = Automatic;
				PRODUCT_NAME = "$(TARGET_NAME)";
				SDKROOT = macosx;
			};
			name = Release;
		};
		375793C022639074004CCE42 /* Debug */ = {
			isa = XCBuildConfiguration;
			buildSettings = {
				CODE_SIGN_STYLE = Automatic;
				PRODUCT_NAME = "$(TARGET_NAME)";
				SDKROOT = macosx;
			};
			name = Debug;
		};
		375793C122639074004CCE42 /* Release */ = {
			isa = XCBuildConfiguration;
			buildSettings = {
				CODE_SIGN_STYLE = Automatic;
				PRODUCT_NAME = "$(TARGET_NAME)";
				SDKROOT = macosx;
			};
			name = Release;
		};
		37FFDDC922638C1300BAFB9C /* Debug */ = {
			isa = XCBuildConfiguration;
			buildSettings = {
				ALWAYS_SEARCH_USER_PATHS = NO;
				CLANG_ANALYZER_NONNULL = YES;
				CLANG_ANALYZER_NUMBER_OBJECT_CONVERSION = YES_AGGRESSIVE;
				CLANG_CXX_LANGUAGE_STANDARD = "gnu++14";
				CLANG_CXX_LIBRARY = "libc++";
				CLANG_ENABLE_MODULES = YES;
				CLANG_ENABLE_OBJC_ARC = YES;
				CLANG_ENABLE_OBJC_WEAK = YES;
				CLANG_WARN_BLOCK_CAPTURE_AUTORELEASING = YES;
				CLANG_WARN_BOOL_CONVERSION = YES;
				CLANG_WARN_COMMA = YES;
				CLANG_WARN_CONSTANT_CONVERSION = YES;
				CLANG_WARN_DEPRECATED_OBJC_IMPLEMENTATIONS = YES;
				CLANG_WARN_DIRECT_OBJC_ISA_USAGE = YES_ERROR;
				CLANG_WARN_DOCUMENTATION_COMMENTS = YES;
				CLANG_WARN_EMPTY_BODY = YES;
				CLANG_WARN_ENUM_CONVERSION = YES;
				CLANG_WARN_INFINITE_RECURSION = YES;
				CLANG_WARN_INT_CONVERSION = YES;
				CLANG_WARN_NON_LITERAL_NULL_CONVERSION = YES;
				CLANG_WARN_OBJC_IMPLICIT_RETAIN_SELF = YES;
				CLANG_WARN_OBJC_LITERAL_CONVERSION = YES;
				CLANG_WARN_OBJC_ROOT_CLASS = YES_ERROR;
				CLANG_WARN_RANGE_LOOP_ANALYSIS = YES;
				CLANG_WARN_STRICT_PROTOTYPES = YES;
				CLANG_WARN_SUSPICIOUS_MOVE = YES;
				CLANG_WARN_UNGUARDED_AVAILABILITY = YES_AGGRESSIVE;
				CLANG_WARN_UNREACHABLE_CODE = YES;
				CLANG_WARN__DUPLICATE_METHOD_MATCH = YES;
				CODE_SIGN_IDENTITY = "iPhone Developer";
				COPY_PHASE_STRIP = NO;
				DEBUG_INFORMATION_FORMAT = dwarf;
				ENABLE_STRICT_OBJC_MSGSEND = YES;
				ENABLE_TESTABILITY = YES;
				GCC_C_LANGUAGE_STANDARD = gnu11;
				GCC_DYNAMIC_NO_PIC = NO;
				GCC_NO_COMMON_BLOCKS = YES;
				GCC_OPTIMIZATION_LEVEL = 0;
				GCC_PREPROCESSOR_DEFINITIONS = (
					"DEBUG=1",
					"$(inherited)",
				);
				GCC_WARN_64_TO_32_BIT_CONVERSION = YES;
				GCC_WARN_ABOUT_RETURN_TYPE = YES_ERROR;
				GCC_WARN_UNDECLARED_SELECTOR = YES;
				GCC_WARN_UNINITIALIZED_AUTOS = YES_AGGRESSIVE;
				GCC_WARN_UNUSED_FUNCTION = YES;
				GCC_WARN_UNUSED_VARIABLE = YES;
				IPHONEOS_DEPLOYMENT_TARGET = 12.2;
				MTL_ENABLE_DEBUG_INFO = INCLUDE_SOURCE;
				MTL_FAST_MATH = YES;
				ONLY_ACTIVE_ARCH = YES;
				SDKROOT = iphoneos;
				SWIFT_ACTIVE_COMPILATION_CONDITIONS = DEBUG;
				SWIFT_OPTIMIZATION_LEVEL = "-Onone";
			};
			name = Debug;
		};
		37FFDDCA22638C1300BAFB9C /* Release */ = {
			isa = XCBuildConfiguration;
			buildSettings = {
				ALWAYS_SEARCH_USER_PATHS = NO;
				CLANG_ANALYZER_NONNULL = YES;
				CLANG_ANALYZER_NUMBER_OBJECT_CONVERSION = YES_AGGRESSIVE;
				CLANG_CXX_LANGUAGE_STANDARD = "gnu++14";
				CLANG_CXX_LIBRARY = "libc++";
				CLANG_ENABLE_MODULES = YES;
				CLANG_ENABLE_OBJC_ARC = YES;
				CLANG_ENABLE_OBJC_WEAK = YES;
				CLANG_WARN_BLOCK_CAPTURE_AUTORELEASING = YES;
				CLANG_WARN_BOOL_CONVERSION = YES;
				CLANG_WARN_COMMA = YES;
				CLANG_WARN_CONSTANT_CONVERSION = YES;
				CLANG_WARN_DEPRECATED_OBJC_IMPLEMENTATIONS = YES;
				CLANG_WARN_DIRECT_OBJC_ISA_USAGE = YES_ERROR;
				CLANG_WARN_DOCUMENTATION_COMMENTS = YES;
				CLANG_WARN_EMPTY_BODY = YES;
				CLANG_WARN_ENUM_CONVERSION = YES;
				CLANG_WARN_INFINITE_RECURSION = YES;
				CLANG_WARN_INT_CONVERSION = YES;
				CLANG_WARN_NON_LITERAL_NULL_CONVERSION = YES;
				CLANG_WARN_OBJC_IMPLICIT_RETAIN_SELF = YES;
				CLANG_WARN_OBJC_LITERAL_CONVERSION = YES;
				CLANG_WARN_OBJC_ROOT_CLASS = YES_ERROR;
				CLANG_WARN_RANGE_LOOP_ANALYSIS = YES;
				CLANG_WARN_STRICT_PROTOTYPES = YES;
				CLANG_WARN_SUSPICIOUS_MOVE = YES;
				CLANG_WARN_UNGUARDED_AVAILABILITY = YES_AGGRESSIVE;
				CLANG_WARN_UNREACHABLE_CODE = YES;
				CLANG_WARN__DUPLICATE_METHOD_MATCH = YES;
				CODE_SIGN_IDENTITY = "iPhone Developer";
				COPY_PHASE_STRIP = NO;
				DEBUG_INFORMATION_FORMAT = "dwarf-with-dsym";
				ENABLE_NS_ASSERTIONS = NO;
				ENABLE_STRICT_OBJC_MSGSEND = YES;
				GCC_C_LANGUAGE_STANDARD = gnu11;
				GCC_NO_COMMON_BLOCKS = YES;
				GCC_WARN_64_TO_32_BIT_CONVERSION = YES;
				GCC_WARN_ABOUT_RETURN_TYPE = YES_ERROR;
				GCC_WARN_UNDECLARED_SELECTOR = YES;
				GCC_WARN_UNINITIALIZED_AUTOS = YES_AGGRESSIVE;
				GCC_WARN_UNUSED_FUNCTION = YES;
				GCC_WARN_UNUSED_VARIABLE = YES;
				IPHONEOS_DEPLOYMENT_TARGET = 12.2;
				MTL_ENABLE_DEBUG_INFO = NO;
				MTL_FAST_MATH = YES;
				SDKROOT = iphoneos;
				SWIFT_COMPILATION_MODE = wholemodule;
				SWIFT_OPTIMIZATION_LEVEL = "-O";
				VALIDATE_PRODUCT = YES;
			};
			name = Release;
		};
		37FFDDCC22638C1300BAFB9C /* Debug */ = {
			isa = XCBuildConfiguration;
			buildSettings = {
				ASSETCATALOG_COMPILER_APPICON_NAME = AppIcon;
				CLANG_ENABLE_MODULES = YES;
				CODE_SIGN_STYLE = Manual;
				DEVELOPMENT_TEAM = "";
				INFOPLIST_FILE = "CompilationBenchmarks/iOS App/Info.plist";
				LD_RUNPATH_SEARCH_PATHS = (
					"$(inherited)",
					"@executable_path/Frameworks",
				);
				OTHER_SWIFT_FLAGS = "-Xfrontend -warn-long-function-bodies=100 -Xfrontend -warn-long-expression-type-checking=100 -Xfrontend -debug-time-function-bodies -Xfrontend -debug-time-compilation";
				PRODUCT_BUNDLE_IDENTIFIER = com.gimungagap.CompilationBenchmarks;
				PRODUCT_NAME = "$(TARGET_NAME)";
				PROVISIONING_PROFILE_SPECIFIER = "";
				SWIFT_OBJC_BRIDGING_HEADER = "CompilationBenchmarks/Utils/CompilationBenchmarks-Bridging-Header.h";
				SWIFT_OPTIMIZATION_LEVEL = "-Onone";
				SWIFT_VERSION = 5.0;
				TARGETED_DEVICE_FAMILY = "1,2";
			};
			name = Debug;
		};
		37FFDDCD22638C1300BAFB9C /* Release */ = {
			isa = XCBuildConfiguration;
			buildSettings = {
				ASSETCATALOG_COMPILER_APPICON_NAME = AppIcon;
				CLANG_ENABLE_MODULES = YES;
				CODE_SIGN_STYLE = Manual;
				DEVELOPMENT_TEAM = "";
				INFOPLIST_FILE = "CompilationBenchmarks/iOS App/Info.plist";
				LD_RUNPATH_SEARCH_PATHS = (
					"$(inherited)",
					"@executable_path/Frameworks",
				);
				OTHER_SWIFT_FLAGS = "-Xfrontend -warn-long-function-bodies=100 -Xfrontend -warn-long-expression-type-checking=100 -Xfrontend -debug-time-function-bodies -Xfrontend -debug-time-compilation";
				PRODUCT_BUNDLE_IDENTIFIER = com.gimungagap.CompilationBenchmarks;
				PRODUCT_NAME = "$(TARGET_NAME)";
				PROVISIONING_PROFILE_SPECIFIER = "";
				SWIFT_OBJC_BRIDGING_HEADER = "CompilationBenchmarks/Utils/CompilationBenchmarks-Bridging-Header.h";
				SWIFT_VERSION = 5.0;
				TARGETED_DEVICE_FAMILY = "1,2";
			};
			name = Release;
		};
/* End XCBuildConfiguration section */

/* Begin XCConfigurationList section */
		199A263D232661B60005B628 /* Build configuration list for PBXAggregateTarget "GenerateFile" */ = {
			isa = XCConfigurationList;
			buildConfigurations = (
				199A263E232661B60005B628 /* Debug */,
				199A263F232661B60005B628 /* Release */,
			);
			defaultConfigurationIsVisible = 0;
			defaultConfigurationName = Release;
		};
		372A95C1231EF3ED00B1B4E4 /* Build configuration list for PBXAggregateTarget "ReplaceOccurrences" */ = {
			isa = XCConfigurationList;
			buildConfigurations = (
				372A95C2231EF3ED00B1B4E4 /* Debug */,
				372A95C3231EF3ED00B1B4E4 /* Release */,
			);
			defaultConfigurationIsVisible = 0;
			defaultConfigurationName = Release;
		};
		375793BF22639074004CCE42 /* Build configuration list for PBXAggregateTarget "GenerateLines" */ = {
			isa = XCConfigurationList;
			buildConfigurations = (
				375793C022639074004CCE42 /* Debug */,
				375793C122639074004CCE42 /* Release */,
			);
			defaultConfigurationIsVisible = 0;
			defaultConfigurationName = Release;
		};
		37FFDDB422638C1100BAFB9C /* Build configuration list for PBXProject "CompilationBenchmarks" */ = {
			isa = XCConfigurationList;
			buildConfigurations = (
				37FFDDC922638C1300BAFB9C /* Debug */,
				37FFDDCA22638C1300BAFB9C /* Release */,
			);
			defaultConfigurationIsVisible = 0;
			defaultConfigurationName = Release;
		};
		37FFDDCB22638C1300BAFB9C /* Build configuration list for PBXNativeTarget "CompilationBenchmarks" */ = {
			isa = XCConfigurationList;
			buildConfigurations = (
				37FFDDCC22638C1300BAFB9C /* Debug */,
				37FFDDCD22638C1300BAFB9C /* Release */,
			);
			defaultConfigurationIsVisible = 0;
			defaultConfigurationName = Release;
		};
/* End XCConfigurationList section */
	};
	rootObject = 37FFDDB122638C1100BAFB9C /* Project object */;
}
